
Microsoft Visual Studio Solution File, Format Version 12.00
# Visual Studio Version 17
VisualStudioVersion = 17.8.34309.116
MinimumVisualStudioVersion = 10.0.40219.1
Project("{FAE04EC0-301F-11D3-BF4B-00C04F79EFBC}") = "EntraAndAuth0", "EntraAndAuth0\EntraAndAuth0\EntraAndAuth0.csproj", "{C11BCE25-C726-46CF-855F-D0BCCBC73988}"
EndProject
Project("{FAE04EC0-301F-11D3-BF4B-00C04F79EFBC}") = "EntraAndAuth0.Client", "EntraAndAuth0\EntraAndAuth0.Client\EntraAndAuth0.Client.csproj", "{024BA662-CDE2-40D5-9AA3-C32D7AF072BF}"
EndProject
Global
	GlobalSection(SolutionConfigurationPlatforms) = preSolution
		Debug|Any CPU = Debug|Any CPU
		Release|Any CPU = Release|Any CPU
	EndGlobalSection
	GlobalSection(ProjectConfigurationPlatforms) = postSolution
		{C11BCE25-C726-46CF-855F-D0BCCBC73988}.Debug|Any CPU.ActiveCfg = Debug|Any CPU
		{C11BCE25-C726-46CF-855F-D0BCCBC73988}.Debug|Any CPU.Build.0 = Debug|Any CPU
		{C11BCE25-C726-46CF-855F-D0BCCBC73988}.Release|Any CPU.ActiveCfg = Release|Any CPU
		{C11BCE25-C726-46CF-855F-D0BCCBC73988}.Release|Any CPU.Build.0 = Release|Any CPU
		{024BA662-CDE2-40D5-9AA3-C32D7AF072BF}.Debug|Any CPU.ActiveCfg = Debug|Any CPU
		{024BA662-CDE2-40D5-9AA3-C32D7AF072BF}.Debug|Any CPU.Build.0 = Debug|Any CPU
		{024BA662-CDE2-40D5-9AA3-C32D7AF072BF}.Release|Any CPU.ActiveCfg = Release|Any CPU
		{024BA662-CDE2-40D5-9AA3-C32D7AF072BF}.Release|Any CPU.Build.0 = Release|Any CPU
	EndGlobalSection
	GlobalSection(SolutionProperties) = preSolution
		HideSolutionNode = FALSE
	EndGlobalSection
	GlobalSection(ExtensibilityGlobals) = postSolution
		SolutionGuid = {08D7FCE3-B051-4B6B-8E03-7902AA53367B}
	EndGlobalSection
EndGlobal
